
Microsoft Visual Studio Solution File, Format Version 12.00
# Visual Studio 15
VisualStudioVersion = 15.0.28307.329
MinimumVisualStudioVersion = 10.0.40219.1
Project("{9A19103F-16F7-4668-BE54-9A1E7A4F7556}") = "Sahaf.WebApi", "Sahaf.WebApi\Sahaf.WebApi.csproj", "{D16C4409-F74A-4517-83E9-C316361D9AD5}"
EndProject
Project("{9A19103F-16F7-4668-BE54-9A1E7A4F7556}") = "Sahaf.Entity", "Sahaf.Entity\Sahaf.Entity.csproj", "{729DBC51-EB1A-4187-95E5-5D793519A81E}"
EndProject
Project("{9A19103F-16F7-4668-BE54-9A1E7A4F7556}") = "Sahaf.Bussiness", "Sahaf.Bussiness\Sahaf.Bussiness.csproj", "{64696DED-0D3D-4C4A-9991-9506B34834EB}"
EndProject
Global
	GlobalSection(SolutionConfigurationPlatforms) = preSolution
		Debug|Any CPU = Debug|Any CPU
		Release|Any CPU = Release|Any CPU
	EndGlobalSection
	GlobalSection(ProjectConfigurationPlatforms) = postSolution
		{D16C4409-F74A-4517-83E9-C316361D9AD5}.Debug|Any CPU.ActiveCfg = Debug|Any CPU
		{D16C4409-F74A-4517-83E9-C316361D9AD5}.Debug|Any CPU.Build.0 = Debug|Any CPU
		{D16C4409-F74A-4517-83E9-C316361D9AD5}.Release|Any CPU.ActiveCfg = Release|Any CPU
		{D16C4409-F74A-4517-83E9-C316361D9AD5}.Release|Any CPU.Build.0 = Release|Any CPU
		{729DBC51-EB1A-4187-95E5-5D793519A81E}.Debug|Any CPU.ActiveCfg = Debug|Any CPU
		{729DBC51-EB1A-4187-95E5-5D793519A81E}.Debug|Any CPU.Build.0 = Debug|Any CPU
		{729DBC51-EB1A-4187-95E5-5D793519A81E}.Release|Any CPU.ActiveCfg = Release|Any CPU
		{729DBC51-EB1A-4187-95E5-5D793519A81E}.Release|Any CPU.Build.0 = Release|Any CPU
		{64696DED-0D3D-4C4A-9991-9506B34834EB}.Debug|Any CPU.ActiveCfg = Debug|Any CPU
		{64696DED-0D3D-4C4A-9991-9506B34834EB}.Debug|Any CPU.Build.0 = Debug|Any CPU
		{64696DED-0D3D-4C4A-9991-9506B34834EB}.Release|Any CPU.ActiveCfg = Release|Any CPU
		{64696DED-0D3D-4C4A-9991-9506B34834EB}.Release|Any CPU.Build.0 = Release|Any CPU
	EndGlobalSection
	GlobalSection(SolutionProperties) = preSolution
		HideSolutionNode = FALSE
	EndGlobalSection
	GlobalSection(ExtensibilityGlobals) = postSolution
		SolutionGuid = {AA5A0D34-D2CB-44F1-A13F-E24DE1017B32}
	EndGlobalSection
EndGlobal
